
Microsoft Visual Studio Solution File, Format Version 12.00
# Visual Studio Version 16
VisualStudioVersion = 16.0.31624.102
MinimumVisualStudioVersion = 10.0.40219.1
Project("{9A19103F-16F7-4668-BE54-9A1E7A4F7556}") = "GenericBoxOfString", "GenericBoxOfString\GenericBoxOfString.csproj", "{8308073F-1D36-44B8-8574-E397C35E9DAF}"
EndProject
Project("{9A19103F-16F7-4668-BE54-9A1E7A4F7556}") = "GenericBoxOfInteger", "GenericBoxOfInteger\GenericBoxOfInteger.csproj", "{220D462C-81E1-43C5-A398-36BAD4715D9D}"
EndProject
Project("{9A19103F-16F7-4668-BE54-9A1E7A4F7556}") = "GenericSwapMethodStrings", "GenericSwapMethodStrings\GenericSwapMethodStrings.csproj", "{223ABBBA-E6EA-49C6-AD2B-F2B26A28C95C}"
EndProject
Project("{FAE04EC0-301F-11D3-BF4B-00C04F79EFBC}") = "GenericSwapMethodIntegers", "GenericSwapMethodIntegers\GenericSwapMethodIntegers.csproj", "{92E16D74-E0CD-4CA5-9284-D8300A70AF92}"
EndProject
Project("{FAE04EC0-301F-11D3-BF4B-00C04F79EFBC}") = "GenericCountMethodStrings", "GenericCountMethodStrings\GenericCountMethodStrings.csproj", "{A20BAB3C-B6FB-41A2-B215-D113D625C6F8}"
EndProject
Project("{FAE04EC0-301F-11D3-BF4B-00C04F79EFBC}") = "GenericCountMethodDoubles", "GenericCountMethodDoubles\GenericCountMethodDoubles.csproj", "{3AE12D01-1EBB-4A37-89DF-B873287BE3B2}"
EndProject
Project("{FAE04EC0-301F-11D3-BF4B-00C04F79EFBC}") = "CustomTuple", "CustomTuple\CustomTuple.csproj", "{8572F4FD-EEBB-42AC-AABD-6656CEFC20B2}"
EndProject
Project("{FAE04EC0-301F-11D3-BF4B-00C04F79EFBC}") = "CustomThreeuple", "CustomThreeuple\CustomThreeuple.csproj", "{B8CF4131-63DA-4947-A07C-1AC213A67771}"
EndProject
Global
	GlobalSection(SolutionConfigurationPlatforms) = preSolution
		Debug|Any CPU = Debug|Any CPU
		Release|Any CPU = Release|Any CPU
	EndGlobalSection
	GlobalSection(ProjectConfigurationPlatforms) = postSolution
		{8308073F-1D36-44B8-8574-E397C35E9DAF}.Debug|Any CPU.ActiveCfg = Debug|Any CPU
		{8308073F-1D36-44B8-8574-E397C35E9DAF}.Debug|Any CPU.Build.0 = Debug|Any CPU
		{8308073F-1D36-44B8-8574-E397C35E9DAF}.Release|Any CPU.ActiveCfg = Release|Any CPU
		{8308073F-1D36-44B8-8574-E397C35E9DAF}.Release|Any CPU.Build.0 = Release|Any CPU
		{220D462C-81E1-43C5-A398-36BAD4715D9D}.Debug|Any CPU.ActiveCfg = Debug|Any CPU
		{220D462C-81E1-43C5-A398-36BAD4715D9D}.Debug|Any CPU.Build.0 = Debug|Any CPU
		{220D462C-81E1-43C5-A398-36BAD4715D9D}.Release|Any CPU.ActiveCfg = Release|Any CPU
		{220D462C-81E1-43C5-A398-36BAD4715D9D}.Release|Any CPU.Build.0 = Release|Any CPU
		{223ABBBA-E6EA-49C6-AD2B-F2B26A28C95C}.Debug|Any CPU.ActiveCfg = Debug|Any CPU
		{223ABBBA-E6EA-49C6-AD2B-F2B26A28C95C}.Debug|Any CPU.Build.0 = Debug|Any CPU
		{223ABBBA-E6EA-49C6-AD2B-F2B26A28C95C}.Release|Any CPU.ActiveCfg = Release|Any CPU
		{223ABBBA-E6EA-49C6-AD2B-F2B26A28C95C}.Release|Any CPU.Build.0 = Release|Any CPU
		{92E16D74-E0CD-4CA5-9284-D8300A70AF92}.Debug|Any CPU.ActiveCfg = Debug|Any CPU
		{92E16D74-E0CD-4CA5-9284-D8300A70AF92}.Debug|Any CPU.Build.0 = Debug|Any CPU
		{92E16D74-E0CD-4CA5-9284-D8300A70AF92}.Release|Any CPU.ActiveCfg = Release|Any CPU
		{92E16D74-E0CD-4CA5-9284-D8300A70AF92}.Release|Any CPU.Build.0 = Release|Any CPU
		{A20BAB3C-B6FB-41A2-B215-D113D625C6F8}.Debug|Any CPU.ActiveCfg = Debug|Any CPU
		{A20BAB3C-B6FB-41A2-B215-D113D625C6F8}.Debug|Any CPU.Build.0 = Debug|Any CPU
		{A20BAB3C-B6FB-41A2-B215-D113D625C6F8}.Release|Any CPU.ActiveCfg = Release|Any CPU
		{A20BAB3C-B6FB-41A2-B215-D113D625C6F8}.Release|Any CPU.Build.0 = Release|Any CPU
		{3AE12D01-1EBB-4A37-89DF-B873287BE3B2}.Debug|Any CPU.ActiveCfg = Debug|Any CPU
		{3AE12D01-1EBB-4A37-89DF-B873287BE3B2}.Debug|Any CPU.Build.0 = Debug|Any CPU
		{3AE12D01-1EBB-4A37-89DF-B873287BE3B2}.Release|Any CPU.ActiveCfg = Release|Any CPU
		{3AE12D01-1EBB-4A37-89DF-B873287BE3B2}.Release|Any CPU.Build.0 = Release|Any CPU
		{8572F4FD-EEBB-42AC-AABD-6656CEFC20B2}.Debug|Any CPU.ActiveCfg = Debug|Any CPU
		{8572F4FD-EEBB-42AC-AABD-6656CEFC20B2}.Debug|Any CPU.Build.0 = Debug|Any CPU
		{8572F4FD-EEBB-42AC-AABD-6656CEFC20B2}.Release|Any CPU.ActiveCfg = Release|Any CPU
		{8572F4FD-EEBB-42AC-AABD-6656CEFC20B2}.Release|Any CPU.Build.0 = Release|Any CPU
		{B8CF4131-63DA-4947-A07C-1AC213A67771}.Debug|Any CPU.ActiveCfg = Debug|Any CPU
		{B8CF4131-63DA-4947-A07C-1AC213A67771}.Debug|Any CPU.Build.0 = Debug|Any CPU
		{B8CF4131-63DA-4947-A07C-1AC213A67771}.Release|Any CPU.ActiveCfg = Release|Any CPU
		{B8CF4131-63DA-4947-A07C-1AC213A67771}.Release|Any CPU.Build.0 = Release|Any CPU
	EndGlobalSection
	GlobalSection(SolutionProperties) = preSolution
		HideSolutionNode = FALSE
	EndGlobalSection
	GlobalSection(ExtensibilityGlobals) = postSolution
		SolutionGuid = {5FE1C907-A878-4918-8B8C-EF246AA80C4E}
	EndGlobalSection
EndGlobal
