
Microsoft Visual Studio Solution File, Format Version 12.00
# Visual Studio Version 16
VisualStudioVersion = 16.0.31729.503
MinimumVisualStudioVersion = 10.0.40219.1
Project("{9A19103F-16F7-4668-BE54-9A1E7A4F7556}") = "ListyIterator", "ListyIterator\ListyIterator.csproj", "{798240B7-DE41-429E-BDAA-3751C1366756}"
EndProject
Project("{9A19103F-16F7-4668-BE54-9A1E7A4F7556}") = "StackEnumerable", "StackEnumerable\StackEnumerable.csproj", "{4311AA46-CF22-49AC-87D2-F7F309B73705}"
EndProject
Project("{FAE04EC0-301F-11D3-BF4B-00C04F79EFBC}") = "Froggy", "Froggy\Froggy.csproj", "{13CF2B25-5DFB-48C4-972E-D16173FC7C34}"
EndProject
Project("{FAE04EC0-301F-11D3-BF4B-00C04F79EFBC}") = "ComparingObjects", "ComparingObjects\ComparingObjects.csproj", "{8D51686C-49B7-48AA-AF69-8C9621A261D5}"
EndProject
Project("{FAE04EC0-301F-11D3-BF4B-00C04F79EFBC}") = "EqualityLogic", "EqualityLogic\EqualityLogic.csproj", "{6913489D-C490-4EFE-A742-214497D44A9F}"
EndProject
Global
	GlobalSection(SolutionConfigurationPlatforms) = preSolution
		Debug|Any CPU = Debug|Any CPU
		Release|Any CPU = Release|Any CPU
	EndGlobalSection
	GlobalSection(ProjectConfigurationPlatforms) = postSolution
		{798240B7-DE41-429E-BDAA-3751C1366756}.Debug|Any CPU.ActiveCfg = Debug|Any CPU
		{798240B7-DE41-429E-BDAA-3751C1366756}.Debug|Any CPU.Build.0 = Debug|Any CPU
		{798240B7-DE41-429E-BDAA-3751C1366756}.Release|Any CPU.ActiveCfg = Release|Any CPU
		{798240B7-DE41-429E-BDAA-3751C1366756}.Release|Any CPU.Build.0 = Release|Any CPU
		{4311AA46-CF22-49AC-87D2-F7F309B73705}.Debug|Any CPU.ActiveCfg = Debug|Any CPU
		{4311AA46-CF22-49AC-87D2-F7F309B73705}.Debug|Any CPU.Build.0 = Debug|Any CPU
		{4311AA46-CF22-49AC-87D2-F7F309B73705}.Release|Any CPU.ActiveCfg = Release|Any CPU
		{4311AA46-CF22-49AC-87D2-F7F309B73705}.Release|Any CPU.Build.0 = Release|Any CPU
		{13CF2B25-5DFB-48C4-972E-D16173FC7C34}.Debug|Any CPU.ActiveCfg = Debug|Any CPU
		{13CF2B25-5DFB-48C4-972E-D16173FC7C34}.Debug|Any CPU.Build.0 = Debug|Any CPU
		{13CF2B25-5DFB-48C4-972E-D16173FC7C34}.Release|Any CPU.ActiveCfg = Release|Any CPU
		{13CF2B25-5DFB-48C4-972E-D16173FC7C34}.Release|Any CPU.Build.0 = Release|Any CPU
		{8D51686C-49B7-48AA-AF69-8C9621A261D5}.Debug|Any CPU.ActiveCfg = Debug|Any CPU
		{8D51686C-49B7-48AA-AF69-8C9621A261D5}.Debug|Any CPU.Build.0 = Debug|Any CPU
		{8D51686C-49B7-48AA-AF69-8C9621A261D5}.Release|Any CPU.ActiveCfg = Release|Any CPU
		{8D51686C-49B7-48AA-AF69-8C9621A261D5}.Release|Any CPU.Build.0 = Release|Any CPU
		{6913489D-C490-4EFE-A742-214497D44A9F}.Debug|Any CPU.ActiveCfg = Debug|Any CPU
		{6913489D-C490-4EFE-A742-214497D44A9F}.Debug|Any CPU.Build.0 = Debug|Any CPU
		{6913489D-C490-4EFE-A742-214497D44A9F}.Release|Any CPU.ActiveCfg = Release|Any CPU
		{6913489D-C490-4EFE-A742-214497D44A9F}.Release|Any CPU.Build.0 = Release|Any CPU
	EndGlobalSection
	GlobalSection(SolutionProperties) = preSolution
		HideSolutionNode = FALSE
	EndGlobalSection
	GlobalSection(ExtensibilityGlobals) = postSolution
		SolutionGuid = {D489777C-0FA8-4665-96FB-49DB2D692532}
	EndGlobalSection
EndGlobal
