
Microsoft Visual Studio Solution File, Format Version 12.00
# Visual Studio Version 16
VisualStudioVersion = 16.0.31624.102
MinimumVisualStudioVersion = 10.0.40219.1
Project("{FAE04EC0-301F-11D3-BF4B-00C04F79EFBC}") = "Bombs", "Bombs\Bombs.csproj", "{5CF49204-E983-4D17-9FD9-486BE0422385}"
EndProject
Global
	GlobalSection(SolutionConfigurationPlatforms) = preSolution
		Debug|Any CPU = Debug|Any CPU
		Release|Any CPU = Release|Any CPU
	EndGlobalSection
	GlobalSection(ProjectConfigurationPlatforms) = postSolution
		{5CF49204-E983-4D17-9FD9-486BE0422385}.Debug|Any CPU.ActiveCfg = Debug|Any CPU
		{5CF49204-E983-4D17-9FD9-486BE0422385}.Debug|Any CPU.Build.0 = Debug|Any CPU
		{5CF49204-E983-4D17-9FD9-486BE0422385}.Release|Any CPU.ActiveCfg = Release|Any CPU
		{5CF49204-E983-4D17-9FD9-486BE0422385}.Release|Any CPU.Build.0 = Release|Any CPU
	EndGlobalSection
	GlobalSection(SolutionProperties) = preSolution
		HideSolutionNode = FALSE
	EndGlobalSection
	GlobalSection(ExtensibilityGlobals) = postSolution
		SolutionGuid = {1563C8A4-C69B-4678-9BB9-10F422ECA0E0}
	EndGlobalSection
EndGlobal
