
Microsoft Visual Studio Solution File, Format Version 12.00
# Visual Studio Version 16
VisualStudioVersion = 16.0.31624.102
MinimumVisualStudioVersion = 10.0.40219.1
Project("{FAE04EC0-301F-11D3-BF4B-00C04F79EFBC}") = "01.OddLines", "01.OddLines\01.OddLines.csproj", "{3C364524-B902-4BE8-9620-69F3859D3BB8}"
EndProject
Project("{FAE04EC0-301F-11D3-BF4B-00C04F79EFBC}") = "02.LineNumbers", "02.LineNumbers\02.LineNumbers.csproj", "{C2977E88-63A7-4DAA-825A-EC6D9173DCFB}"
EndProject
Project("{FAE04EC0-301F-11D3-BF4B-00C04F79EFBC}") = "03.WordCount", "03.WordCount\03.WordCount.csproj", "{4FEC4C5A-BD97-4ECF-95F3-4CE0DA39BF2B}"
EndProject
Global
	GlobalSection(SolutionConfigurationPlatforms) = preSolution
		Debug|Any CPU = Debug|Any CPU
		Release|Any CPU = Release|Any CPU
	EndGlobalSection
	GlobalSection(ProjectConfigurationPlatforms) = postSolution
		{3C364524-B902-4BE8-9620-69F3859D3BB8}.Debug|Any CPU.ActiveCfg = Debug|Any CPU
		{3C364524-B902-4BE8-9620-69F3859D3BB8}.Debug|Any CPU.Build.0 = Debug|Any CPU
		{3C364524-B902-4BE8-9620-69F3859D3BB8}.Release|Any CPU.ActiveCfg = Release|Any CPU
		{3C364524-B902-4BE8-9620-69F3859D3BB8}.Release|Any CPU.Build.0 = Release|Any CPU
		{C2977E88-63A7-4DAA-825A-EC6D9173DCFB}.Debug|Any CPU.ActiveCfg = Debug|Any CPU
		{C2977E88-63A7-4DAA-825A-EC6D9173DCFB}.Debug|Any CPU.Build.0 = Debug|Any CPU
		{C2977E88-63A7-4DAA-825A-EC6D9173DCFB}.Release|Any CPU.ActiveCfg = Release|Any CPU
		{C2977E88-63A7-4DAA-825A-EC6D9173DCFB}.Release|Any CPU.Build.0 = Release|Any CPU
		{4FEC4C5A-BD97-4ECF-95F3-4CE0DA39BF2B}.Debug|Any CPU.ActiveCfg = Debug|Any CPU
		{4FEC4C5A-BD97-4ECF-95F3-4CE0DA39BF2B}.Debug|Any CPU.Build.0 = Debug|Any CPU
		{4FEC4C5A-BD97-4ECF-95F3-4CE0DA39BF2B}.Release|Any CPU.ActiveCfg = Release|Any CPU
		{4FEC4C5A-BD97-4ECF-95F3-4CE0DA39BF2B}.Release|Any CPU.Build.0 = Release|Any CPU
	EndGlobalSection
	GlobalSection(SolutionProperties) = preSolution
		HideSolutionNode = FALSE
	EndGlobalSection
	GlobalSection(ExtensibilityGlobals) = postSolution
		SolutionGuid = {E40D796C-9A5C-4D79-BABA-1747C1DB3E91}
	EndGlobalSection
EndGlobal
