
Microsoft Visual Studio Solution File, Format Version 12.00
# Visual Studio Version 16
VisualStudioVersion = 16.0.31624.102
MinimumVisualStudioVersion = 10.0.40219.1
Project("{FAE04EC0-301F-11D3-BF4B-00C04F79EFBC}") = "CustomDoublyLinkedList", "CustomDoublyLinkedList\CustomDoublyLinkedList.csproj", "{99325632-21C4-4A8A-BF1E-CEE066E29BA4}"
EndProject
Global
	GlobalSection(SolutionConfigurationPlatforms) = preSolution
		Debug|Any CPU = Debug|Any CPU
		Release|Any CPU = Release|Any CPU
	EndGlobalSection
	GlobalSection(ProjectConfigurationPlatforms) = postSolution
		{99325632-21C4-4A8A-BF1E-CEE066E29BA4}.Debug|Any CPU.ActiveCfg = Debug|Any CPU
		{99325632-21C4-4A8A-BF1E-CEE066E29BA4}.Debug|Any CPU.Build.0 = Debug|Any CPU
		{99325632-21C4-4A8A-BF1E-CEE066E29BA4}.Release|Any CPU.ActiveCfg = Release|Any CPU
		{99325632-21C4-4A8A-BF1E-CEE066E29BA4}.Release|Any CPU.Build.0 = Release|Any CPU
	EndGlobalSection
	GlobalSection(SolutionProperties) = preSolution
		HideSolutionNode = FALSE
	EndGlobalSection
	GlobalSection(ExtensibilityGlobals) = postSolution
		SolutionGuid = {0FEE72BF-C2A4-4E53-9C04-4CFCFD4ACCA6}
	EndGlobalSection
EndGlobal
