
Microsoft Visual Studio Solution File, Format Version 12.00
# Visual Studio Version 16
VisualStudioVersion = 16.0.31624.102
MinimumVisualStudioVersion = 10.0.40219.1
Project("{FAE04EC0-301F-11D3-BF4B-00C04F79EFBC}") = "FlowerWreaths", "FlowerWreaths\FlowerWreaths.csproj", "{AED7C98F-7DAF-4AA4-BFFC-2A55D57EC896}"
EndProject
Project("{FAE04EC0-301F-11D3-BF4B-00C04F79EFBC}") = "Bee", "Bee\Bee.csproj", "{F7ED705E-19FA-4EF3-9DCB-7B093F746D59}"
EndProject
Project("{FAE04EC0-301F-11D3-BF4B-00C04F79EFBC}") = "VetClinic", "VetClinic\VetClinic.csproj", "{4C7E54CD-B570-4F59-BCB2-93B5E17CA9AE}"
EndProject
Global
	GlobalSection(SolutionConfigurationPlatforms) = preSolution
		Debug|Any CPU = Debug|Any CPU
		Release|Any CPU = Release|Any CPU
	EndGlobalSection
	GlobalSection(ProjectConfigurationPlatforms) = postSolution
		{AED7C98F-7DAF-4AA4-BFFC-2A55D57EC896}.Debug|Any CPU.ActiveCfg = Debug|Any CPU
		{AED7C98F-7DAF-4AA4-BFFC-2A55D57EC896}.Debug|Any CPU.Build.0 = Debug|Any CPU
		{AED7C98F-7DAF-4AA4-BFFC-2A55D57EC896}.Release|Any CPU.ActiveCfg = Release|Any CPU
		{AED7C98F-7DAF-4AA4-BFFC-2A55D57EC896}.Release|Any CPU.Build.0 = Release|Any CPU
		{F7ED705E-19FA-4EF3-9DCB-7B093F746D59}.Debug|Any CPU.ActiveCfg = Debug|Any CPU
		{F7ED705E-19FA-4EF3-9DCB-7B093F746D59}.Debug|Any CPU.Build.0 = Debug|Any CPU
		{F7ED705E-19FA-4EF3-9DCB-7B093F746D59}.Release|Any CPU.ActiveCfg = Release|Any CPU
		{F7ED705E-19FA-4EF3-9DCB-7B093F746D59}.Release|Any CPU.Build.0 = Release|Any CPU
		{4C7E54CD-B570-4F59-BCB2-93B5E17CA9AE}.Debug|Any CPU.ActiveCfg = Debug|Any CPU
		{4C7E54CD-B570-4F59-BCB2-93B5E17CA9AE}.Debug|Any CPU.Build.0 = Debug|Any CPU
		{4C7E54CD-B570-4F59-BCB2-93B5E17CA9AE}.Release|Any CPU.ActiveCfg = Release|Any CPU
		{4C7E54CD-B570-4F59-BCB2-93B5E17CA9AE}.Release|Any CPU.Build.0 = Release|Any CPU
	EndGlobalSection
	GlobalSection(SolutionProperties) = preSolution
		HideSolutionNode = FALSE
	EndGlobalSection
	GlobalSection(ExtensibilityGlobals) = postSolution
		SolutionGuid = {44937E78-0918-4DB9-B0F2-B31EDB43418C}
	EndGlobalSection
EndGlobal
