
Microsoft Visual Studio Solution File, Format Version 12.00
# Visual Studio Version 16
VisualStudioVersion = 16.0.31613.86
MinimumVisualStudioVersion = 10.0.40219.1
Project("{9A19103F-16F7-4668-BE54-9A1E7A4F7556}") = "01.DiagonalDifference", "01.DiagonalDifference\01.DiagonalDifference.csproj", "{1EF7F8B0-890C-4694-B7C7-4616ABCEBDDD}"
EndProject
Project("{9A19103F-16F7-4668-BE54-9A1E7A4F7556}") = "02.SquaresInMatrix", "02.SquaresInMatrix\02.SquaresInMatrix.csproj", "{9B59F2BA-6C31-4222-B2C9-5CFEB3D32AE2}"
EndProject
Project("{9A19103F-16F7-4668-BE54-9A1E7A4F7556}") = "03.MaximalSum", "03.MaximalSum\03.MaximalSum.csproj", "{FF3C8693-B143-427F-A9FA-58A6F4FE3B68}"
EndProject
Project("{9A19103F-16F7-4668-BE54-9A1E7A4F7556}") = "04.MatrixShuffling", "04.MatrixShuffling\04.MatrixShuffling.csproj", "{5A93166C-34F0-44AE-8D99-452266851D2B}"
EndProject
Project("{9A19103F-16F7-4668-BE54-9A1E7A4F7556}") = "05.SnakeMoves", "05.SnakeMoves\05.SnakeMoves.csproj", "{041554D9-647D-427C-BC23-5B49ECD6BDC9}"
EndProject
Project("{9A19103F-16F7-4668-BE54-9A1E7A4F7556}") = "06.JaggedArrayManipulator", "06.JaggedArrayManipulator\06.JaggedArrayManipulator.csproj", "{784F6253-04E7-465D-A8E7-69AAE7535386}"
EndProject
Project("{9A19103F-16F7-4668-BE54-9A1E7A4F7556}") = "07.KnightGame", "07.KnightGame\07.KnightGame.csproj", "{C355A96B-2A70-4930-A669-BBC2959DEACB}"
EndProject
Project("{FAE04EC0-301F-11D3-BF4B-00C04F79EFBC}") = "09.Bombs", "09.Bombs\09.Bombs.csproj", "{2BF0E123-4BC1-40D1-9609-5564F1945F18}"
EndProject
Project("{FAE04EC0-301F-11D3-BF4B-00C04F79EFBC}") = "09.Miner", "09.Miner\09.Miner.csproj", "{FE339BB0-4E6C-456B-87BA-FF623F617C03}"
EndProject
Project("{FAE04EC0-301F-11D3-BF4B-00C04F79EFBC}") = "10.RadioactiveMutantVampireBunnies", "10.RadioactiveMutantVampireBunnies\10.RadioactiveMutantVampireBunnies.csproj", "{E64C450E-42C8-4D96-A92E-731599B825C9}"
EndProject
Global
	GlobalSection(SolutionConfigurationPlatforms) = preSolution
		Debug|Any CPU = Debug|Any CPU
		Release|Any CPU = Release|Any CPU
	EndGlobalSection
	GlobalSection(ProjectConfigurationPlatforms) = postSolution
		{1EF7F8B0-890C-4694-B7C7-4616ABCEBDDD}.Debug|Any CPU.ActiveCfg = Debug|Any CPU
		{1EF7F8B0-890C-4694-B7C7-4616ABCEBDDD}.Debug|Any CPU.Build.0 = Debug|Any CPU
		{1EF7F8B0-890C-4694-B7C7-4616ABCEBDDD}.Release|Any CPU.ActiveCfg = Release|Any CPU
		{1EF7F8B0-890C-4694-B7C7-4616ABCEBDDD}.Release|Any CPU.Build.0 = Release|Any CPU
		{9B59F2BA-6C31-4222-B2C9-5CFEB3D32AE2}.Debug|Any CPU.ActiveCfg = Debug|Any CPU
		{9B59F2BA-6C31-4222-B2C9-5CFEB3D32AE2}.Debug|Any CPU.Build.0 = Debug|Any CPU
		{9B59F2BA-6C31-4222-B2C9-5CFEB3D32AE2}.Release|Any CPU.ActiveCfg = Release|Any CPU
		{9B59F2BA-6C31-4222-B2C9-5CFEB3D32AE2}.Release|Any CPU.Build.0 = Release|Any CPU
		{FF3C8693-B143-427F-A9FA-58A6F4FE3B68}.Debug|Any CPU.ActiveCfg = Debug|Any CPU
		{FF3C8693-B143-427F-A9FA-58A6F4FE3B68}.Debug|Any CPU.Build.0 = Debug|Any CPU
		{FF3C8693-B143-427F-A9FA-58A6F4FE3B68}.Release|Any CPU.ActiveCfg = Release|Any CPU
		{FF3C8693-B143-427F-A9FA-58A6F4FE3B68}.Release|Any CPU.Build.0 = Release|Any CPU
		{5A93166C-34F0-44AE-8D99-452266851D2B}.Debug|Any CPU.ActiveCfg = Debug|Any CPU
		{5A93166C-34F0-44AE-8D99-452266851D2B}.Debug|Any CPU.Build.0 = Debug|Any CPU
		{5A93166C-34F0-44AE-8D99-452266851D2B}.Release|Any CPU.ActiveCfg = Release|Any CPU
		{5A93166C-34F0-44AE-8D99-452266851D2B}.Release|Any CPU.Build.0 = Release|Any CPU
		{041554D9-647D-427C-BC23-5B49ECD6BDC9}.Debug|Any CPU.ActiveCfg = Debug|Any CPU
		{041554D9-647D-427C-BC23-5B49ECD6BDC9}.Debug|Any CPU.Build.0 = Debug|Any CPU
		{041554D9-647D-427C-BC23-5B49ECD6BDC9}.Release|Any CPU.ActiveCfg = Release|Any CPU
		{041554D9-647D-427C-BC23-5B49ECD6BDC9}.Release|Any CPU.Build.0 = Release|Any CPU
		{784F6253-04E7-465D-A8E7-69AAE7535386}.Debug|Any CPU.ActiveCfg = Debug|Any CPU
		{784F6253-04E7-465D-A8E7-69AAE7535386}.Debug|Any CPU.Build.0 = Debug|Any CPU
		{784F6253-04E7-465D-A8E7-69AAE7535386}.Release|Any CPU.ActiveCfg = Release|Any CPU
		{784F6253-04E7-465D-A8E7-69AAE7535386}.Release|Any CPU.Build.0 = Release|Any CPU
		{C355A96B-2A70-4930-A669-BBC2959DEACB}.Debug|Any CPU.ActiveCfg = Debug|Any CPU
		{C355A96B-2A70-4930-A669-BBC2959DEACB}.Debug|Any CPU.Build.0 = Debug|Any CPU
		{C355A96B-2A70-4930-A669-BBC2959DEACB}.Release|Any CPU.ActiveCfg = Release|Any CPU
		{C355A96B-2A70-4930-A669-BBC2959DEACB}.Release|Any CPU.Build.0 = Release|Any CPU
		{2BF0E123-4BC1-40D1-9609-5564F1945F18}.Debug|Any CPU.ActiveCfg = Debug|Any CPU
		{2BF0E123-4BC1-40D1-9609-5564F1945F18}.Debug|Any CPU.Build.0 = Debug|Any CPU
		{2BF0E123-4BC1-40D1-9609-5564F1945F18}.Release|Any CPU.ActiveCfg = Release|Any CPU
		{2BF0E123-4BC1-40D1-9609-5564F1945F18}.Release|Any CPU.Build.0 = Release|Any CPU
		{FE339BB0-4E6C-456B-87BA-FF623F617C03}.Debug|Any CPU.ActiveCfg = Debug|Any CPU
		{FE339BB0-4E6C-456B-87BA-FF623F617C03}.Debug|Any CPU.Build.0 = Debug|Any CPU
		{FE339BB0-4E6C-456B-87BA-FF623F617C03}.Release|Any CPU.ActiveCfg = Release|Any CPU
		{FE339BB0-4E6C-456B-87BA-FF623F617C03}.Release|Any CPU.Build.0 = Release|Any CPU
		{E64C450E-42C8-4D96-A92E-731599B825C9}.Debug|Any CPU.ActiveCfg = Debug|Any CPU
		{E64C450E-42C8-4D96-A92E-731599B825C9}.Debug|Any CPU.Build.0 = Debug|Any CPU
		{E64C450E-42C8-4D96-A92E-731599B825C9}.Release|Any CPU.ActiveCfg = Release|Any CPU
		{E64C450E-42C8-4D96-A92E-731599B825C9}.Release|Any CPU.Build.0 = Release|Any CPU
	EndGlobalSection
	GlobalSection(SolutionProperties) = preSolution
		HideSolutionNode = FALSE
	EndGlobalSection
	GlobalSection(ExtensibilityGlobals) = postSolution
		SolutionGuid = {2BEB3152-F5FA-422C-8288-5991659EA8AB}
	EndGlobalSection
EndGlobal
